<?xml version="1.0" encoding="utf-8"?>
<Project ToolsVersion="4.0" xmlns="http://schemas.microsoft.com/developer/msbuild/2003">
  <ItemGroup>
    <ClCompile Include="application.cpp">
      <Filter>00_main</Filter>
    </ClCompile>
    <ClCompile Include="camera.cpp">
      <Filter>00_main</Filter>
    </ClCompile>
    <ClCompile Include="debugProc.cpp">
      <Filter>00_main</Filter>
    </ClCompile>
    <ClCompile Include="DirectInput.cpp">
      <Filter>01_Input</Filter>
    </ClCompile>
    <ClCompile Include="game.cpp">
      <Filter>03_mode</Filter>
    </ClCompile>
    <ClCompile Include="input.cpp">
      <Filter>01_Input</Filter>
    </ClCompile>
    <ClCompile Include="inputjoypad.cpp">
      <Filter>01_Input</Filter>
    </ClCompile>
    <ClCompile Include="inputkeyboard.cpp">
      <Filter>01_Input</Filter>
    </ClCompile>
    <ClCompile Include="inputmouse.cpp">
      <Filter>01_Input</Filter>
    </ClCompile>
    <ClCompile Include="light.cpp">
      <Filter>00_main</Filter>
    </ClCompile>
    <ClCompile Include="main.cpp">
      <Filter>00_main</Filter>
    </ClCompile>
    <ClCompile Include="mode.cpp">
      <Filter>03_mode</Filter>
    </ClCompile>
    <ClCompile Include="renderer.cpp">
      <Filter>00_main</Filter>
    </ClCompile>
    <ClCompile Include="result.cpp">
      <Filter>03_mode</Filter>
    </ClCompile>
    <ClCompile Include="title.cpp">
      <Filter>03_mode</Filter>
    </ClCompile>
    <ClCompile Include="texture.cpp">
      <Filter>02_Resource</Filter>
    </ClCompile>
    <ClCompile Include="sound.cpp">
      <Filter>02_Resource</Filter>
    </ClCompile>
    <ClCompile Include="meshfield.cpp">
      <Filter>04_object</Filter>
    </ClCompile>
    <ClCompile Include="object.cpp">
      <Filter>04_object</Filter>
    </ClCompile>
    <ClCompile Include="bullet.cpp">
      <Filter>04_object\object3D</Filter>
    </ClCompile>
    <ClCompile Include="character.cpp">
      <Filter>04_object\objectX</Filter>
    </ClCompile>
    <ClCompile Include="boss.cpp">
      <Filter>04_object\objectX\Character\01_Enemy</Filter>
    </ClCompile>
    <ClCompile Include="cpu.cpp">
      <Filter>04_object\objectX\Character\00_Player</Filter>
    </ClCompile>
    <ClCompile Include="enemy.cpp">
      <Filter>04_object\objectX\Character\01_Enemy</Filter>
    </ClCompile>
    <ClCompile Include="enemy_manager.cpp">
      <Filter>04_object\objectX\Character\01_Enemy</Filter>
    </ClCompile>
    <ClCompile Include="fade.cpp">
      <Filter>04_object\object2D</Filter>
    </ClCompile>
    <ClCompile Include="font.cpp">
      <Filter>04_object\object2D</Filter>
    </ClCompile>
    <ClCompile Include="fontString.cpp">
      <Filter>04_object\object2D</Filter>
    </ClCompile>
    <ClCompile Include="menu.cpp">
      <Filter>04_object\object2D</Filter>
    </ClCompile>
    <ClCompile Include="halfsphere.cpp">
      <Filter>04_object</Filter>
    </ClCompile>
    <ClCompile Include="model.cpp">
      <Filter>04_object\objectX</Filter>
    </ClCompile>
    <ClCompile Include="number.cpp">
      <Filter>04_object\object2D</Filter>
    </ClCompile>
    <ClCompile Include="object2D.cpp">
      <Filter>04_object\object2D</Filter>
    </ClCompile>
    <ClCompile Include="object3D.cpp">
      <Filter>04_object\object3D</Filter>
    </ClCompile>
    <ClCompile Include="objectX.cpp">
      <Filter>04_object\objectX</Filter>
    </ClCompile>
    <ClCompile Include="pc.cpp">
      <Filter>04_object\objectX\Character\00_Player</Filter>
    </ClCompile>
    <ClCompile Include="player.cpp">
      <Filter>04_object\objectX\Character\00_Player</Filter>
    </ClCompile>
    <ClCompile Include="player_manager.cpp">
      <Filter>04_object\objectX\Character\00_Player</Filter>
    </ClCompile>
    <ClCompile Include="score.cpp">
      <Filter>04_object\object2D</Filter>
    </ClCompile>
    <ClCompile Include="time.cpp">
      <Filter>04_object</Filter>
    </ClCompile>
    <ClCompile Include="application.cpp" />
    <ClCompile Include="bullet.cpp" />
    <ClCompile Include="boss.cpp" />
    <ClCompile Include="camera.cpp" />
    <ClCompile Include="character.cpp" />
    <ClCompile Include="cpu.cpp" />
    <ClCompile Include="debugProc.cpp" />
    <ClCompile Include="DirectInput.cpp" />
    <ClCompile Include="enemy.cpp" />
    <ClCompile Include="enemy_manager.cpp" />
    <ClCompile Include="fade.cpp" />
    <ClCompile Include="font.cpp" />
    <ClCompile Include="fontString.cpp" />
    <ClCompile Include="game.cpp" />
    <ClCompile Include="halfsphere.cpp" />
    <ClCompile Include="input.cpp" />
    <ClCompile Include="inputjoypad.cpp" />
    <ClCompile Include="inputkeyboard.cpp" />
    <ClCompile Include="inputmouse.cpp" />
    <ClCompile Include="light.cpp" />
    <ClCompile Include="main.cpp" />
    <ClCompile Include="menu.cpp" />
    <ClCompile Include="meshfield.cpp" />
    <ClCompile Include="mode.cpp" />
    <ClCompile Include="model.cpp" />
    <ClCompile Include="number.cpp" />
    <ClCompile Include="object.cpp" />
    <ClCompile Include="object2D.cpp" />
    <ClCompile Include="object3D.cpp" />
    <ClCompile Include="objectX.cpp" />
    <ClCompile Include="pc.cpp" />
    <ClCompile Include="player.cpp" />
    <ClCompile Include="player_manager.cpp" />
    <ClCompile Include="renderer.cpp" />
    <ClCompile Include="result.cpp" />
    <ClCompile Include="score.cpp" />
    <ClCompile Include="sound.cpp" />
    <ClCompile Include="texture.cpp" />
    <ClCompile Include="time.cpp" />
    <ClCompile Include="title.cpp" />
    <ClCompile Include="move_object.cpp" />
    <ClCompile Include="collision_manager.cpp" />
    <ClCompile Include="collision.cpp">
      <Filter>04_object\collision</Filter>
    </ClCompile>
  </ItemGroup>
  <ItemGroup>
    <ClInclude Include="application.h">
      <Filter>00_main</Filter>
    </ClInclude>
    <ClInclude Include="camera.h">
      <Filter>00_main</Filter>
    </ClInclude>
    <ClInclude Include="debugProc.h">
      <Filter>00_main</Filter>
    </ClInclude>
    <ClInclude Include="DirectInput.h">
      <Filter>01_Input</Filter>
    </ClInclude>
    <ClInclude Include="game.h">
      <Filter>03_mode</Filter>
    </ClInclude>
    <ClInclude Include="input.h">
      <Filter>01_Input</Filter>
    </ClInclude>
    <ClInclude Include="inputjoypad.h">
      <Filter>01_Input</Filter>
    </ClInclude>
    <ClInclude Include="inputkeyboard.h">
      <Filter>01_Input</Filter>
    </ClInclude>
    <ClInclude Include="inputkeydata.h">
      <Filter>01_Input</Filter>
    </ClInclude>
    <ClInclude Include="inputmouse.h">
      <Filter>01_Input</Filter>
    </ClInclude>
    <ClInclude Include="light.h">
      <Filter>00_main</Filter>
    </ClInclude>
    <ClInclude Include="main.h">
      <Filter>00_main</Filter>
    </ClInclude>
    <ClInclude Include="mode.h">
      <Filter>03_mode</Filter>
    </ClInclude>
    <ClInclude Include="renderer.h">
      <Filter>00_main</Filter>
    </ClInclude>
    <ClInclude Include="result.h">
      <Filter>03_mode</Filter>
    </ClInclude>
    <ClInclude Include="title.h">
      <Filter>03_mode</Filter>
    </ClInclude>
    <ClInclude Include="texture.h">
      <Filter>02_Resource</Filter>
    </ClInclude>
    <ClInclude Include="sound.h">
      <Filter>02_Resource</Filter>
    </ClInclude>
    <ClInclude Include="meshfield.h">
      <Filter>04_object</Filter>
    </ClInclude>
    <ClInclude Include="object.h">
      <Filter>04_object</Filter>
    </ClInclude>
    <ClInclude Include="bullet.h">
      <Filter>04_object\object3D</Filter>
    </ClInclude>
    <ClInclude Include="character.h">
      <Filter>04_object\objectX</Filter>
    </ClInclude>
    <ClInclude Include="boss.h">
      <Filter>04_object\objectX\Character\01_Enemy</Filter>
    </ClInclude>
    <ClInclude Include="cpu.h">
      <Filter>04_object\objectX\Character\00_Player</Filter>
    </ClInclude>
    <ClInclude Include="enemy.h">
      <Filter>04_object\objectX\Character\01_Enemy</Filter>
    </ClInclude>
    <ClInclude Include="enemy_manager.h">
      <Filter>04_object\objectX\Character\01_Enemy</Filter>
    </ClInclude>
    <ClInclude Include="fade.h">
      <Filter>04_object\object2D</Filter>
    </ClInclude>
    <ClInclude Include="font.h">
      <Filter>04_object\object2D</Filter>
    </ClInclude>
    <ClInclude Include="fontString.h">
      <Filter>04_object\object2D</Filter>
    </ClInclude>
    <ClInclude Include="menu.h">
      <Filter>04_object\object2D</Filter>
    </ClInclude>
    <ClInclude Include="halfsphere.h">
      <Filter>04_object</Filter>
    </ClInclude>
    <ClInclude Include="model.h">
      <Filter>04_object\objectX</Filter>
    </ClInclude>
    <ClInclude Include="number.h">
      <Filter>04_object\object2D</Filter>
    </ClInclude>
    <ClInclude Include="object2D.h">
      <Filter>04_object\object2D</Filter>
    </ClInclude>
    <ClInclude Include="object3D.h">
      <Filter>04_object\object3D</Filter>
    </ClInclude>
    <ClInclude Include="objectX.h">
      <Filter>04_object\objectX</Filter>
    </ClInclude>
    <ClInclude Include="pc.h">
      <Filter>04_object\objectX\Character\00_Player</Filter>
    </ClInclude>
    <ClInclude Include="player.h">
      <Filter>04_object\objectX\Character\00_Player</Filter>
    </ClInclude>
    <ClInclude Include="player_manager.h">
      <Filter>04_object\objectX\Character\00_Player</Filter>
    </ClInclude>
    <ClInclude Include="score.h">
      <Filter>04_object\object2D</Filter>
    </ClInclude>
    <ClInclude Include="time.h">
      <Filter>04_object</Filter>
    </ClInclude>
    <ClInclude Include="application.h" />
    <ClInclude Include="bullet.h" />
    <ClInclude Include="boss.h" />
    <ClInclude Include="camera.h" />
    <ClInclude Include="character.h" />
    <ClInclude Include="cpu.h" />
    <ClInclude Include="debugProc.h" />
    <ClInclude Include="DirectInput.h" />
    <ClInclude Include="enemy.h" />
    <ClInclude Include="enemy_manager.h" />
    <ClInclude Include="fade.h" />
    <ClInclude Include="font.h" />
    <ClInclude Include="fontString.h" />
    <ClInclude Include="game.h" />
    <ClInclude Include="halfsphere.h" />
    <ClInclude Include="input.h" />
    <ClInclude Include="inputjoypad.h" />
    <ClInclude Include="inputkeyboard.h" />
    <ClInclude Include="inputkeydata.h" />
    <ClInclude Include="inputmouse.h" />
    <ClInclude Include="light.h" />
    <ClInclude Include="main.h" />
    <ClInclude Include="menu.h" />
    <ClInclude Include="meshfield.h" />
    <ClInclude Include="mode.h" />
    <ClInclude Include="model.h" />
    <ClInclude Include="number.h" />
    <ClInclude Include="object.h" />
    <ClInclude Include="object2D.h" />
    <ClInclude Include="object3D.h" />
    <ClInclude Include="objectX.h" />
    <ClInclude Include="pc.h" />
    <ClInclude Include="player.h" />
    <ClInclude Include="player_manager.h" />
    <ClInclude Include="renderer.h" />
    <ClInclude Include="result.h" />
    <ClInclude Include="score.h" />
    <ClInclude Include="sound.h" />
    <ClInclude Include="texture.h" />
    <ClInclude Include="time.h" />
    <ClInclude Include="title.h" />
    <ClInclude Include="move_object.h" />
    <ClInclude Include="collision_manager.h" />
    <ClInclude Include="collision.h">
      <Filter>04_object\collision</Filter>
    </ClInclude>
  </ItemGroup>
  <ItemGroup>
    <Filter Include="00_main">
      <UniqueIdentifier>{d4b4e10d-1540-4bd0-be55-1b83cc5daf64}</UniqueIdentifier>
    </Filter>
    <Filter Include="01_Input">
      <UniqueIdentifier>{f6120526-c511-4380-aec5-a6ec2118c048}</UniqueIdentifier>
    </Filter>
    <Filter Include="02_Resource">
      <UniqueIdentifier>{764bb922-febb-4590-b733-f3fdeebae8a9}</UniqueIdentifier>
    </Filter>
    <Filter Include="03_mode">
      <UniqueIdentifier>{85fbd010-116f-4c8e-8a7e-ec57abf06998}</UniqueIdentifier>
    </Filter>
    <Filter Include="04_object">
      <UniqueIdentifier>{a3a3f459-b017-44d9-8dad-9a9af8f19ff4}</UniqueIdentifier>
    </Filter>
    <Filter Include="04_object\object2D">
      <UniqueIdentifier>{2eda1053-1c45-4ae2-bea7-d1fc81000c4d}</UniqueIdentifier>
    </Filter>
    <Filter Include="04_object\object3D">
      <UniqueIdentifier>{7987ed50-6aca-4e76-958d-428bba75fa0a}</UniqueIdentifier>
    </Filter>
    <Filter Include="04_object\objectX">
      <UniqueIdentifier>{29c8da2a-542b-43c0-9e1f-33f5eff3197d}</UniqueIdentifier>
    </Filter>
    <Filter Include="04_object\objectX\Character">
      <UniqueIdentifier>{469b73f7-1e6c-4839-9862-39f4bae5ec1d}</UniqueIdentifier>
    </Filter>
    <Filter Include="04_object\objectX\Character\00_Player">
      <UniqueIdentifier>{9be78d28-19f3-4571-bffa-266db7195be3}</UniqueIdentifier>
    </Filter>
    <Filter Include="04_object\objectX\Character\01_Enemy">
      <UniqueIdentifier>{0d05b4ff-535b-44f4-98bc-96579e9af2ad}</UniqueIdentifier>
    </Filter>
    <Filter Include="04_object\collision">
      <UniqueIdentifier>{e3d39ca3-805d-46d8-be61-a38bdcbe07d5}</UniqueIdentifier>
    </Filter>
  </ItemGroup>
</Project>