<?xml version="1.0" encoding="utf-8"?>
<Project ToolsVersion="4.0" xmlns="http://schemas.microsoft.com/developer/msbuild/2003">
  <ItemGroup>
    <ClCompile Include="application.cpp">
      <Filter>00_Main</Filter>
    </ClCompile>
    <ClCompile Include="boss.cpp">
      <Filter>04_Object\MoveObject\Character\Enemy</Filter>
    </ClCompile>
    <ClCompile Include="camera.cpp">
      <Filter>00_Main</Filter>
    </ClCompile>
    <ClCompile Include="cpu.cpp">
      <Filter>04_Object\MoveObject\Character\Enemy</Filter>
    </ClCompile>
    <ClCompile Include="debugProc.cpp">
      <Filter>00_Main</Filter>
    </ClCompile>
    <ClCompile Include="DirectInput.cpp">
      <Filter>01_Input</Filter>
    </ClCompile>
    <ClCompile Include="enemy.cpp">
      <Filter>04_Object\MoveObject\Character\Enemy</Filter>
    </ClCompile>
    <ClCompile Include="enemy_manager.cpp">
      <Filter>04_Object\MoveObject\Character\Enemy</Filter>
    </ClCompile>
    <ClCompile Include="energy_gauge.cpp">
      <Filter>04_Object\Object2D</Filter>
    </ClCompile>
    <ClCompile Include="fade.cpp">
      <Filter>03_Mode</Filter>
    </ClCompile>
    <ClCompile Include="font.cpp">
      <Filter>04_Object\Object2D</Filter>
    </ClCompile>
    <ClCompile Include="fontString.cpp">
      <Filter>04_Object\Object2D</Filter>
    </ClCompile>
    <ClCompile Include="game.cpp">
      <Filter>03_Mode</Filter>
    </ClCompile>
    <ClCompile Include="halfsphere.cpp">
      <Filter>04_Object\Object3D</Filter>
    </ClCompile>
    <ClCompile Include="input.cpp">
      <Filter>01_Input</Filter>
    </ClCompile>
    <ClCompile Include="inputjoypad.cpp">
      <Filter>01_Input</Filter>
    </ClCompile>
    <ClCompile Include="inputkeyboard.cpp">
      <Filter>01_Input</Filter>
    </ClCompile>
    <ClCompile Include="inputmouse.cpp">
      <Filter>01_Input</Filter>
    </ClCompile>
    <ClCompile Include="light.cpp">
      <Filter>00_Main</Filter>
    </ClCompile>
    <ClCompile Include="main.cpp">
      <Filter>00_Main</Filter>
    </ClCompile>
    <ClCompile Include="menu.cpp">
      <Filter>04_Object\Object2D</Filter>
    </ClCompile>
    <ClCompile Include="meshfield.cpp">
      <Filter>04_Object\Object3D</Filter>
    </ClCompile>
    <ClCompile Include="mode.cpp">
      <Filter>03_Mode</Filter>
    </ClCompile>
    <ClCompile Include="model.cpp">
      <Filter>02_Resource</Filter>
    </ClCompile>
    <ClCompile Include="number.cpp">
      <Filter>04_Object\Object2D</Filter>
    </ClCompile>
    <ClCompile Include="object.cpp">
      <Filter>04_Object</Filter>
    </ClCompile>
    <ClCompile Include="object2D.cpp">
      <Filter>04_Object\Object2D</Filter>
    </ClCompile>
    <ClCompile Include="object3D.cpp">
      <Filter>04_Object\Object3D</Filter>
    </ClCompile>
    <ClCompile Include="objectX.cpp">
      <Filter>04_Object\ObjectX</Filter>
    </ClCompile>
    <ClCompile Include="pc.cpp">
      <Filter>04_Object\MoveObject\Character\Player</Filter>
    </ClCompile>
    <ClCompile Include="player.cpp">
      <Filter>04_Object\MoveObject\Character\Player</Filter>
    </ClCompile>
    <ClCompile Include="player_manager.cpp">
      <Filter>04_Object\MoveObject\Character\Player</Filter>
    </ClCompile>
    <ClCompile Include="renderer.cpp">
      <Filter>00_Main</Filter>
    </ClCompile>
    <ClCompile Include="sound.cpp">
      <Filter>02_Resource</Filter>
    </ClCompile>
    <ClCompile Include="texture.cpp">
      <Filter>02_Resource</Filter>
    </ClCompile>
    <ClCompile Include="result.cpp">
      <Filter>03_Mode</Filter>
    </ClCompile>
    <ClCompile Include="score.cpp">
      <Filter>04_Object\Object2D</Filter>
    </ClCompile>
    <ClCompile Include="time.cpp">
      <Filter>04_Object\Object2D</Filter>
    </ClCompile>
    <ClCompile Include="title.cpp">
      <Filter>03_Mode</Filter>
    </ClCompile>
    <ClCompile Include="character.cpp">
      <Filter>04_Object\MoveObject\Character</Filter>
    </ClCompile>
    <ClCompile Include="move_object.cpp">
      <Filter>04_Object\MoveObject</Filter>
    </ClCompile>
    <ClCompile Include="bullet.cpp">
      <Filter>04_Object\MoveObject\Bullet</Filter>
    </ClCompile>
    <ClCompile Include="collision.cpp">
      <Filter>04_Object\Collision</Filter>
    </ClCompile>
    <ClCompile Include="collision_manager.cpp">
      <Filter>04_Object\Collision</Filter>
    </ClCompile>
  </ItemGroup>
  <ItemGroup>
    <ClInclude Include="application.h">
      <Filter>00_Main</Filter>
    </ClInclude>
    <ClInclude Include="boss.h">
      <Filter>04_Object\MoveObject\Character\Enemy</Filter>
    </ClInclude>
    <ClInclude Include="camera.h">
      <Filter>00_Main</Filter>
    </ClInclude>
    <ClInclude Include="cpu.h">
      <Filter>04_Object\MoveObject\Character\Enemy</Filter>
    </ClInclude>
    <ClInclude Include="debugProc.h">
      <Filter>00_Main</Filter>
    </ClInclude>
    <ClInclude Include="DirectInput.h">
      <Filter>01_Input</Filter>
    </ClInclude>
    <ClInclude Include="enemy.h">
      <Filter>04_Object\MoveObject\Character\Enemy</Filter>
    </ClInclude>
    <ClInclude Include="enemy_manager.h">
      <Filter>04_Object\MoveObject\Character\Enemy</Filter>
    </ClInclude>
    <ClInclude Include="energy_gauge.h">
      <Filter>04_Object\Object2D</Filter>
    </ClInclude>
    <ClInclude Include="fade.h">
      <Filter>03_Mode</Filter>
    </ClInclude>
    <ClInclude Include="font.h">
      <Filter>04_Object\Object2D</Filter>
    </ClInclude>
    <ClInclude Include="fontString.h">
      <Filter>04_Object\Object2D</Filter>
    </ClInclude>
    <ClInclude Include="game.h">
      <Filter>03_Mode</Filter>
    </ClInclude>
    <ClInclude Include="halfsphere.h">
      <Filter>04_Object\Object3D</Filter>
    </ClInclude>
    <ClInclude Include="input.h">
      <Filter>01_Input</Filter>
    </ClInclude>
    <ClInclude Include="inputjoypad.h">
      <Filter>01_Input</Filter>
    </ClInclude>
    <ClInclude Include="inputkeyboard.h">
      <Filter>01_Input</Filter>
    </ClInclude>
    <ClInclude Include="inputkeydata.h">
      <Filter>01_Input</Filter>
    </ClInclude>
    <ClInclude Include="inputmouse.h">
      <Filter>01_Input</Filter>
    </ClInclude>
    <ClInclude Include="light.h">
      <Filter>00_Main</Filter>
    </ClInclude>
    <ClInclude Include="main.h">
      <Filter>00_Main</Filter>
    </ClInclude>
    <ClInclude Include="menu.h">
      <Filter>04_Object\Object2D</Filter>
    </ClInclude>
    <ClInclude Include="meshfield.h">
      <Filter>04_Object\Object3D</Filter>
    </ClInclude>
    <ClInclude Include="mode.h">
      <Filter>03_Mode</Filter>
    </ClInclude>
    <ClInclude Include="model.h">
      <Filter>02_Resource</Filter>
    </ClInclude>
    <ClInclude Include="number.h">
      <Filter>04_Object\Object2D</Filter>
    </ClInclude>
    <ClInclude Include="object.h">
      <Filter>04_Object</Filter>
    </ClInclude>
    <ClInclude Include="object2D.h">
      <Filter>04_Object\Object2D</Filter>
    </ClInclude>
    <ClInclude Include="object3D.h">
      <Filter>04_Object\Object3D</Filter>
    </ClInclude>
    <ClInclude Include="objectX.h">
      <Filter>04_Object\ObjectX</Filter>
    </ClInclude>
    <ClInclude Include="pc.h">
      <Filter>04_Object\MoveObject\Character\Player</Filter>
    </ClInclude>
    <ClInclude Include="player.h">
      <Filter>04_Object\MoveObject\Character\Player</Filter>
    </ClInclude>
    <ClInclude Include="player_manager.h">
      <Filter>04_Object\MoveObject\Character\Player</Filter>
    </ClInclude>
    <ClInclude Include="renderer.h">
      <Filter>00_Main</Filter>
    </ClInclude>
    <ClInclude Include="sound.h">
      <Filter>02_Resource</Filter>
    </ClInclude>
    <ClInclude Include="texture.h">
      <Filter>02_Resource</Filter>
    </ClInclude>
    <ClInclude Include="result.h">
      <Filter>03_Mode</Filter>
    </ClInclude>
    <ClInclude Include="score.h">
      <Filter>04_Object\Object2D</Filter>
    </ClInclude>
    <ClInclude Include="time.h">
      <Filter>04_Object\Object2D</Filter>
    </ClInclude>
    <ClInclude Include="title.h">
      <Filter>03_Mode</Filter>
    </ClInclude>
    <ClInclude Include="character.h">
      <Filter>04_Object\MoveObject\Character</Filter>
    </ClInclude>
    <ClInclude Include="move_object.h">
      <Filter>04_Object\MoveObject</Filter>
    </ClInclude>
    <ClInclude Include="bullet.h">
      <Filter>04_Object\MoveObject\Bullet</Filter>
    </ClInclude>
    <ClInclude Include="collision.h">
      <Filter>04_Object\Collision</Filter>
    </ClInclude>
    <ClInclude Include="collision_manager.h">
      <Filter>04_Object\Collision</Filter>
    </ClInclude>
  </ItemGroup>
  <ItemGroup>
    <Filter Include="01_Input">
      <UniqueIdentifier>{372a45ef-832f-4e13-a614-96605c082e42}</UniqueIdentifier>
    </Filter>
    <Filter Include="02_Resource">
      <UniqueIdentifier>{92272916-07af-4ca7-8f0b-0bf323d509c9}</UniqueIdentifier>
    </Filter>
    <Filter Include="03_Mode">
      <UniqueIdentifier>{22d9fe52-9586-4e4e-9f91-fcb7a5d26e15}</UniqueIdentifier>
    </Filter>
    <Filter Include="00_Main">
      <UniqueIdentifier>{76a35ffe-a6f0-4741-9612-bc3868ffe986}</UniqueIdentifier>
    </Filter>
    <Filter Include="04_Object">
      <UniqueIdentifier>{7dfe6d84-dd13-4088-8227-cfc2d6d8a435}</UniqueIdentifier>
    </Filter>
    <Filter Include="04_Object\Object2D">
      <UniqueIdentifier>{d7e1fa23-7c99-4739-81ad-57289f882c32}</UniqueIdentifier>
    </Filter>
    <Filter Include="04_Object\Object3D">
      <UniqueIdentifier>{ae64beb4-da48-4465-b766-95ee52fd1665}</UniqueIdentifier>
    </Filter>
    <Filter Include="04_Object\ObjectX">
      <UniqueIdentifier>{1db57862-7243-42e1-8148-7984ea990979}</UniqueIdentifier>
    </Filter>
    <Filter Include="04_Object\MoveObject">
      <UniqueIdentifier>{54f1a48b-2c5f-4f2b-97ce-cc1b73aea722}</UniqueIdentifier>
    </Filter>
    <Filter Include="04_Object\MoveObject\Character">
      <UniqueIdentifier>{6ba301b2-e09f-45bd-b487-c9b63d07f667}</UniqueIdentifier>
    </Filter>
    <Filter Include="04_Object\MoveObject\Character\Player">
      <UniqueIdentifier>{0f55d4fa-8b49-42bc-815a-d30f1f15d811}</UniqueIdentifier>
    </Filter>
    <Filter Include="04_Object\MoveObject\Character\Enemy">
      <UniqueIdentifier>{ba6f4ac3-d6e4-4e6b-a343-51a4a98064ad}</UniqueIdentifier>
    </Filter>
    <Filter Include="04_Object\MoveObject\Bullet">
      <UniqueIdentifier>{b1a451d7-0b21-4c0f-8b75-d92d833251eb}</UniqueIdentifier>
    </Filter>
    <Filter Include="04_Object\Collision">
      <UniqueIdentifier>{abd5f96b-936a-442f-ab9f-3ba30229c988}</UniqueIdentifier>
    </Filter>
  </ItemGroup>
</Project>